
Microsoft Visual Studio Solution File, Format Version 12.00
# Visual Studio 15
VisualStudioVersion = 15.0.28307.136
MinimumVisualStudioVersion = 10.0.40219.1
Project("{FAE04EC0-301F-11D3-BF4B-00C04F79EFBC}") = "Crud", "Crud\Crud.csproj", "{47EE2CCF-8A21-44DC-BBF8-097D411C0777}"
EndProject
Global
	GlobalSection(SolutionConfigurationPlatforms) = preSolution
		Debug|Any CPU = Debug|Any CPU
		Release|Any CPU = Release|Any CPU
	EndGlobalSection
	GlobalSection(ProjectConfigurationPlatforms) = postSolution
		{47EE2CCF-8A21-44DC-BBF8-097D411C0777}.Debug|Any CPU.ActiveCfg = Debug|Any CPU
		{47EE2CCF-8A21-44DC-BBF8-097D411C0777}.Debug|Any CPU.Build.0 = Debug|Any CPU
		{47EE2CCF-8A21-44DC-BBF8-097D411C0777}.Release|Any CPU.ActiveCfg = Release|Any CPU
		{47EE2CCF-8A21-44DC-BBF8-097D411C0777}.Release|Any CPU.Build.0 = Release|Any CPU
	EndGlobalSection
	GlobalSection(SolutionProperties) = preSolution
		HideSolutionNode = FALSE
	EndGlobalSection
	GlobalSection(ExtensibilityGlobals) = postSolution
		SolutionGuid = {D19D0C91-2E64-4587-B676-44725B84A837}
	EndGlobalSection
EndGlobal
